
Microsoft Visual Studio Solution File, Format Version 12.00
# Visual Studio Version 17
VisualStudioVersion = 17.6.33829.357
MinimumVisualStudioVersion = 10.0.40219.1
Project("{9A19103F-16F7-4668-BE54-9A1E7A4F7556}") = "lab 1", "lab 1\lab 1.csproj", "{29344BFA-6FD1-492F-AA51-BFBD4C27BE52}"
EndProject
Project("{9A19103F-16F7-4668-BE54-9A1E7A4F7556}") = "lab 2", "lab 2\lab 2.csproj", "{41872808-C931-48BB-A827-DF20CDFF2226}"
EndProject
Project("{9A19103F-16F7-4668-BE54-9A1E7A4F7556}") = "lab3_App", "lab3\lab3_App.csproj", "{E35796D1-F611-4D8E-B551-7ED163C7CF92}"
EndProject
Project("{9A19103F-16F7-4668-BE54-9A1E7A4F7556}") = "Data", "Data\Data.csproj", "{CBDF70D9-F2D3-4958-A263-D897B477730E}"
EndProject
Project("{FAE04EC0-301F-11D3-BF4B-00C04F79EFBC}") = "Lab9 - Test", "Lab9 - Test\Lab9 - Test.csproj", "{A724E3DA-DA87-4EF0-8258-0138955DCF95}"
EndProject
Project("{2150E333-8FDC-42A3-9474-1A3956D46DE8}") = "Solution Items", "Solution Items", "{EB2F93F2-7260-4450-9D0F-DD155F626188}"
	ProjectSection(SolutionItems) = preProject
		.editorconfig = .editorconfig
	EndProjectSection
EndProject
Global
	GlobalSection(SolutionConfigurationPlatforms) = preSolution
		Debug|Any CPU = Debug|Any CPU
		Release|Any CPU = Release|Any CPU
	EndGlobalSection
	GlobalSection(ProjectConfigurationPlatforms) = postSolution
		{29344BFA-6FD1-492F-AA51-BFBD4C27BE52}.Debug|Any CPU.ActiveCfg = Debug|Any CPU
		{29344BFA-6FD1-492F-AA51-BFBD4C27BE52}.Debug|Any CPU.Build.0 = Debug|Any CPU
		{29344BFA-6FD1-492F-AA51-BFBD4C27BE52}.Release|Any CPU.ActiveCfg = Release|Any CPU
		{29344BFA-6FD1-492F-AA51-BFBD4C27BE52}.Release|Any CPU.Build.0 = Release|Any CPU
		{41872808-C931-48BB-A827-DF20CDFF2226}.Debug|Any CPU.ActiveCfg = Debug|Any CPU
		{41872808-C931-48BB-A827-DF20CDFF2226}.Debug|Any CPU.Build.0 = Debug|Any CPU
		{41872808-C931-48BB-A827-DF20CDFF2226}.Release|Any CPU.ActiveCfg = Release|Any CPU
		{41872808-C931-48BB-A827-DF20CDFF2226}.Release|Any CPU.Build.0 = Release|Any CPU
		{E35796D1-F611-4D8E-B551-7ED163C7CF92}.Debug|Any CPU.ActiveCfg = Debug|Any CPU
		{E35796D1-F611-4D8E-B551-7ED163C7CF92}.Debug|Any CPU.Build.0 = Debug|Any CPU
		{E35796D1-F611-4D8E-B551-7ED163C7CF92}.Release|Any CPU.ActiveCfg = Release|Any CPU
		{E35796D1-F611-4D8E-B551-7ED163C7CF92}.Release|Any CPU.Build.0 = Release|Any CPU
		{CBDF70D9-F2D3-4958-A263-D897B477730E}.Debug|Any CPU.ActiveCfg = Debug|Any CPU
		{CBDF70D9-F2D3-4958-A263-D897B477730E}.Debug|Any CPU.Build.0 = Debug|Any CPU
		{CBDF70D9-F2D3-4958-A263-D897B477730E}.Release|Any CPU.ActiveCfg = Release|Any CPU
		{CBDF70D9-F2D3-4958-A263-D897B477730E}.Release|Any CPU.Build.0 = Release|Any CPU
		{A724E3DA-DA87-4EF0-8258-0138955DCF95}.Debug|Any CPU.ActiveCfg = Debug|Any CPU
		{A724E3DA-DA87-4EF0-8258-0138955DCF95}.Debug|Any CPU.Build.0 = Debug|Any CPU
		{A724E3DA-DA87-4EF0-8258-0138955DCF95}.Release|Any CPU.ActiveCfg = Release|Any CPU
		{A724E3DA-DA87-4EF0-8258-0138955DCF95}.Release|Any CPU.Build.0 = Release|Any CPU
	EndGlobalSection
	GlobalSection(SolutionProperties) = preSolution
		HideSolutionNode = FALSE
	EndGlobalSection
	GlobalSection(ExtensibilityGlobals) = postSolution
		SolutionGuid = {DA8ECA9E-3670-4582-B07C-42D760DD877E}
	EndGlobalSection
EndGlobal
